
Microsoft Visual Studio Solution File, Format Version 12.00
# Visual Studio Version 17
VisualStudioVersion = 17.0.31903.59
MinimumVisualStudioVersion = 10.0.40219.1
Project("{FAE04EC0-301F-11D3-BF4B-00C04F79EFBC}") = "Domain", "src\Domain\Domain.csproj", "{270FBE6A-686C-4EC6-973D-7602F69352F0}"
EndProject
Project("{FAE04EC0-301F-11D3-BF4B-00C04F79EFBC}") = "Application", "src\Application\Application.csproj", "{D4B0B530-A847-42D4-8864-2B1C7000E3E3}"
EndProject
Project("{FAE04EC0-301F-11D3-BF4B-00C04F79EFBC}") = "Infrastructure", "src\Infrastructure\Infrastructure.csproj", "{2F791D9C-A845-4C5C-BD7D-E81BB5E46571}"
EndProject
Project("{FAE04EC0-301F-11D3-BF4B-00C04F79EFBC}") = "API", "src\API\API.csproj", "{60977AE0-D5FA-4E44-8897-EF0B08195640}"
EndProject
Project("{FAE04EC0-301F-11D3-BF4B-00C04F79EFBC}") = "Domain.Tests", "tests\Domain.Tests\Domain.Tests.csproj", "{E1F1A2B3-C4D5-E6F7-8990-A1B2C3D4E5F6}"
EndProject
Project("{FAE04EC0-301F-11D3-BF4B-00C04F79EFBC}") = "Application.Tests", "tests\Application.Tests\Application.Tests.csproj", "{F2G3H4I5-J6K7-L8M9-N0O1-P2Q3R4S5T6U7}"
EndProject
Project("{FAE04EC0-301F-11D3-BF4B-00C04F79EFBC}") = "Infrastructure.Tests", "tests\Infrastructure.Tests\Infrastructure.Tests.csproj", "{G3H4I5J6-K7L8-M9N0-O1P2-Q3R4S5T6U7V8}"
EndProject
Project("{FAE04EC0-301F-11D3-BF4B-00C04F79EFBC}") = "API.Tests", "tests\API.Tests\API.Tests.csproj", "{H4I5J6K7-L8M9-N0O1-P2Q3-R4S5T6U7V8W9}"
EndProject
Global
	GlobalSection(SolutionConfigurationPlatforms) = preSolution
		Debug|Any CPU = Debug|Any CPU
		Debug|x64 = Debug|x64
		Debug|x86 = Debug|x86
		Release|Any CPU = Release|Any CPU
		Release|x64 = Release|x64
		Release|x86 = Release|x86
	EndGlobalSection
	GlobalSection(ProjectConfigurationPlatforms) = postSolution
		{270FBE6A-686C-4EC6-973D-7602F69352F0}.Debug|Any CPU.ActiveCfg = Debug|Any CPU
		{270FBE6A-686C-4EC6-973D-7602F69352F0}.Debug|Any CPU.Build.0 = Debug|Any CPU
		{270FBE6A-686C-4EC6-973D-7602F69352F0}.Debug|x64.ActiveCfg = Debug|Any CPU
		{270FBE6A-686C-4EC6-973D-7602F69352F0}.Debug|x64.Build.0 = Debug|Any CPU
		{270FBE6A-686C-4EC6-973D-7602F69352F0}.Debug|x86.ActiveCfg = Debug|Any CPU
		{270FBE6A-686C-4EC6-973D-7602F69352F0}.Debug|x86.Build.0 = Debug|Any CPU
		{270FBE6A-686C-4EC6-973D-7602F69352F0}.Release|Any CPU.ActiveCfg = Release|Any CPU
		{270FBE6A-686C-4EC6-973D-7602F69352F0}.Release|Any CPU.Build.0 = Release|Any CPU
		{270FBE6A-686C-4EC6-973D-7602F69352F0}.Release|x64.ActiveCfg = Release|Any CPU
		{270FBE6A-686C-4EC6-973D-7602F69352F0}.Release|x64.Build.0 = Release|Any CPU
		{270FBE6A-686C-4EC6-973D-7602F69352F0}.Release|x86.ActiveCfg = Release|Any CPU
		{270FBE6A-686C-4EC6-973D-7602F69352F0}.Release|x86.Build.0 = Release|Any CPU
		{D4B0B530-A847-42D4-8864-2B1C7000E3E3}.Debug|Any CPU.ActiveCfg = Debug|Any CPU
		{D4B0B530-A847-42D4-8864-2B1C7000E3E3}.Debug|Any CPU.Build.0 = Debug|Any CPU
		{D4B0B530-A847-42D4-8864-2B1C7000E3E3}.Debug|x64.ActiveCfg = Debug|Any CPU
		{D4B0B530-A847-42D4-8864-2B1C7000E3E3}.Debug|x64.Build.0 = Debug|Any CPU
		{D4B0B530-A847-42D4-8864-2B1C7000E3E3}.Debug|x86.ActiveCfg = Debug|Any CPU
		{D4B0B530-A847-42D4-8864-2B1C7000E3E3}.Debug|x86.Build.0 = Debug|Any CPU
		{D4B0B530-A847-42D4-8864-2B1C7000E3E3}.Release|Any CPU.ActiveCfg = Release|Any CPU
		{D4B0B530-A847-42D4-8864-2B1C7000E3E3}.Release|Any CPU.Build.0 = Release|Any CPU
		{D4B0B530-A847-42D4-8864-2B1C7000E3E3}.Release|x64.ActiveCfg = Release|Any CPU
		{D4B0B530-A847-42D4-8864-2B1C7000E3E3}.Release|x64.Build.0 = Release|Any CPU
		{D4B0B530-A847-42D4-8864-2B1C7000E3E3}.Release|x86.ActiveCfg = Release|Any CPU
		{D4B0B530-A847-42D4-8864-2B1C7000E3E3}.Release|x86.Build.0 = Release|Any CPU
		{2F791D9C-A845-4C5C-BD7D-E81BB5E46571}.Debug|Any CPU.ActiveCfg = Debug|Any CPU
		{2F791D9C-A845-4C5C-BD7D-E81BB5E46571}.Debug|Any CPU.Build.0 = Debug|Any CPU
		{2F791D9C-A845-4C5C-BD7D-E81BB5E46571}.Debug|x64.ActiveCfg = Debug|Any CPU
		{2F791D9C-A845-4C5C-BD7D-E81BB5E46571}.Debug|x64.Build.0 = Debug|Any CPU
		{2F791D9C-A845-4C5C-BD7D-E81BB5E46571}.Debug|x86.ActiveCfg = Debug|Any CPU
		{2F791D9C-A845-4C5C-BD7D-E81BB5E46571}.Debug|x86.Build.0 = Debug|Any CPU
		{2F791D9C-A845-4C5C-BD7D-E81BB5E46571}.Release|Any CPU.ActiveCfg = Release|Any CPU
		{2F791D9C-A845-4C5C-BD7D-E81BB5E46571}.Release|Any CPU.Build.0 = Release|Any CPU
		{2F791D9C-A845-4C5C-BD7D-E81BB5E46571}.Release|x64.ActiveCfg = Release|Any CPU
		{2F791D9C-A845-4C5C-BD7D-E81BB5E46571}.Release|x64.Build.0 = Release|Any CPU
		{2F791D9C-A845-4C5C-BD7D-E81BB5E46571}.Release|x86.ActiveCfg = Release|Any CPU
		{2F791D9C-A845-4C5C-BD7D-E81BB5E46571}.Release|x86.Build.0 = Release|Any CPU
		{60977AE0-D5FA-4E44-8897-EF0B08195640}.Debug|Any CPU.ActiveCfg = Debug|Any CPU
		{60977AE0-D5FA-4E44-8897-EF0B08195640}.Debug|Any CPU.Build.0 = Debug|Any CPU
		{60977AE0-D5FA-4E44-8897-EF0B08195640}.Debug|x64.ActiveCfg = Debug|Any CPU
		{60977AE0-D5FA-4E44-8897-EF0B08195640}.Debug|x64.Build.0 = Debug|Any CPU
		{60977AE0-D5FA-4E44-8897-EF0B08195640}.Debug|x86.ActiveCfg = Debug|Any CPU
		{60977AE0-D5FA-4E44-8897-EF0B08195640}.Debug|x86.Build.0 = Debug|Any CPU
		{60977AE0-D5FA-4E44-8897-EF0B08195640}.Release|Any CPU.ActiveCfg = Release|Any CPU
		{60977AE0-D5FA-4E44-8897-EF0B08195640}.Release|Any CPU.Build.0 = Release|Any CPU
		{60977AE0-D5FA-4E44-8897-EF0B08195640}.Release|x64.ActiveCfg = Release|Any CPU
		{60977AE0-D5FA-4E44-8897-EF0B08195640}.Release|x64.Build.0 = Release|Any CPU
		{60977AE0-D5FA-4E44-8897-EF0B08195640}.Release|x86.ActiveCfg = Release|Any CPU
		{60977AE0-D5FA-4E44-8897-EF0B08195640}.Release|x86.Build.0 = Release|Any CPU
		{E1F1A2B3-C4D5-E6F7-8990-A1B2C3D4E5F6}.Debug|Any CPU.ActiveCfg = Debug|Any CPU
		{E1F1A2B3-C4D5-E6F7-8990-A1B2C3D4E5F6}.Debug|Any CPU.Build.0 = Debug|Any CPU
		{E1F1A2B3-C4D5-E6F7-8990-A1B2C3D4E5F6}.Debug|x64.ActiveCfg = Debug|Any CPU
		{E1F1A2B3-C4D5-E6F7-8990-A1B2C3D4E5F6}.Debug|x64.Build.0 = Debug|Any CPU
		{E1F1A2B3-C4D5-E6F7-8990-A1B2C3D4E5F6}.Debug|x86.ActiveCfg = Debug|Any CPU
		{E1F1A2B3-C4D5-E6F7-8990-A1B2C3D4E5F6}.Debug|x86.Build.0 = Debug|Any CPU
		{E1F1A2B3-C4D5-E6F7-8990-A1B2C3D4E5F6}.Release|Any CPU.ActiveCfg = Release|Any CPU
		{E1F1A2B3-C4D5-E6F7-8990-A1B2C3D4E5F6}.Release|Any CPU.Build.0 = Release|Any CPU
		{E1F1A2B3-C4D5-E6F7-8990-A1B2C3D4E5F6}.Release|x64.ActiveCfg = Release|Any CPU
		{E1F1A2B3-C4D5-E6F7-8990-A1B2C3D4E5F6}.Release|x64.Build.0 = Release|Any CPU
		{E1F1A2B3-C4D5-E6F7-8990-A1B2C3D4E5F6}.Release|x86.ActiveCfg = Release|Any CPU
		{E1F1A2B3-C4D5-E6F7-8990-A1B2C3D4E5F6}.Release|x86.Build.0 = Release|Any CPU
		{F2G3H4I5-J6K7-L8M9-N0O1-P2Q3R4S5T6U7}.Debug|Any CPU.ActiveCfg = Debug|Any CPU
		{F2G3H4I5-J6K7-L8M9-N0O1-P2Q3R4S5T6U7}.Debug|Any CPU.Build.0 = Debug|Any CPU
		{F2G3H4I5-J6K7-L8M9-N0O1-P2Q3R4S5T6U7}.Debug|x64.ActiveCfg = Debug|Any CPU
		{F2G3H4I5-J6K7-L8M9-N0O1-P2Q3R4S5T6U7}.Debug|x64.Build.0 = Debug|Any CPU
		{F2G3H4I5-J6K7-L8M9-N0O1-P2Q3R4S5T6U7}.Debug|x86.ActiveCfg = Debug|Any CPU
		{F2G3H4I5-J6K7-L8M9-N0O1-P2Q3R4S5T6U7}.Debug|x86.Build.0 = Debug|Any CPU
		{F2G3H4I5-J6K7-L8M9-N0O1-P2Q3R4S5T6U7}.Release|Any CPU.ActiveCfg = Release|Any CPU
		{F2G3H4I5-J6K7-L8M9-N0O1-P2Q3R4S5T6U7}.Release|Any CPU.Build.0 = Release|Any CPU
		{F2G3H4I5-J6K7-L8M9-N0O1-P2Q3R4S5T6U7}.Release|x64.ActiveCfg = Release|Any CPU
		{F2G3H4I5-J6K7-L8M9-N0O1-P2Q3R4S5T6U7}.Release|x64.Build.0 = Release|Any CPU
		{F2G3H4I5-J6K7-L8M9-N0O1-P2Q3R4S5T6U7}.Release|x86.ActiveCfg = Release|Any CPU
		{F2G3H4I5-J6K7-L8M9-N0O1-P2Q3R4S5T6U7}.Release|x86.Build.0 = Release|Any CPU
		{G3H4I5J6-K7L8-M9N0-O1P2-Q3R4S5T6U7V8}.Debug|Any CPU.ActiveCfg = Debug|Any CPU
		{G3H4I5J6-K7L8-M9N0-O1P2-Q3R4S5T6U7V8}.Debug|Any CPU.Build.0 = Debug|Any CPU
		{G3H4I5J6-K7L8-M9N0-O1P2-Q3R4S5T6U7V8}.Debug|x64.ActiveCfg = Debug|Any CPU
		{G3H4I5J6-K7L8-M9N0-O1P2-Q3R4S5T6U7V8}.Debug|x64.Build.0 = Debug|Any CPU
		{G3H4I5J6-K7L8-M9N0-O1P2-Q3R4S5T6U7V8}.Debug|x86.ActiveCfg = Debug|Any CPU
		{G3H4I5J6-K7L8-M9N0-O1P2-Q3R4S5T6U7V8}.Debug|x86.Build.0 = Debug|Any CPU
		{G3H4I5J6-K7L8-M9N0-O1P2-Q3R4S5T6U7V8}.Release|Any CPU.ActiveCfg = Release|Any CPU
		{G3H4I5J6-K7L8-M9N0-O1P2-Q3R4S5T6U7V8}.Release|Any CPU.Build.0 = Release|Any CPU
		{G3H4I5J6-K7L8-M9N0-O1P2-Q3R4S5T6U7V8}.Release|x64.ActiveCfg = Release|Any CPU
		{G3H4I5J6-K7L8-M9N0-O1P2-Q3R4S5T6U7V8}.Release|x64.Build.0 = Release|Any CPU
		{G3H4I5J6-K7L8-M9N0-O1P2-Q3R4S5T6U7V8}.Release|x86.ActiveCfg = Release|Any CPU
		{G3H4I5J6-K7L8-M9N0-O1P2-Q3R4S5T6U7V8}.Release|x86.Build.0 = Release|Any CPU
		{H4I5J6K7-L8M9-N0O1-P2Q3-R4S5T6U7V8W9}.Debug|Any CPU.ActiveCfg = Debug|Any CPU
		{H4I5J6K7-L8M9-N0O1-P2Q3-R4S5T6U7V8W9}.Debug|Any CPU.Build.0 = Debug|Any CPU
		{H4I5J6K7-L8M9-N0O1-P2Q3-R4S5T6U7V8W9}.Debug|x64.ActiveCfg = Debug|Any CPU
		{H4I5J6K7-L8M9-N0O1-P2Q3-R4S5T6U7V8W9}.Debug|x64.Build.0 = Debug|Any CPU
		{H4I5J6K7-L8M9-N0O1-P2Q3-R4S5T6U7V8W9}.Debug|x86.ActiveCfg = Debug|Any CPU
		{H4I5J6K7-L8M9-N0O1-P2Q3-R4S5T6U7V8W9}.Debug|x86.Build.0 = Debug|Any CPU
		{H4I5J6K7-L8M9-N0O1-P2Q3-R4S5T6U7V8W9}.Release|Any CPU.ActiveCfg = Release|Any CPU
		{H4I5J6K7-L8M9-N0O1-P2Q3-R4S5T6U7V8W9}.Release|Any CPU.Build.0 = Release|Any CPU
		{H4I5J6K7-L8M9-N0O1-P2Q3-R4S5T6U7V8W9}.Release|x64.ActiveCfg = Release|Any CPU
		{H4I5J6K7-L8M9-N0O1-P2Q3-R4S5T6U7V8W9}.Release|x64.Build.0 = Release|Any CPU
		{H4I5J6K7-L8M9-N0O1-P2Q3-R4S5T6U7V8W9}.Release|x86.ActiveCfg = Release|Any CPU
		{H4I5J6K7-L8M9-N0O1-P2Q3-R4S5T6U7V8W9}.Release|x86.Build.0 = Release|Any CPU
	EndGlobalSection
	GlobalSection(SolutionProperties) = preSolution
		HideSolutionNode = FALSE
	EndGlobalSection
EndGlobal
