
Microsoft Visual Studio Solution File, Format Version 12.00
# Visual Studio Version 17
VisualStudioVersion = 17.0.31903.59
MinimumVisualStudioVersion = 10.0.40219.1
Project("{FAE04EC0-301F-11D3-BF4B-00C04F79EFBC}") = "Domain", "src\Domain\Domain.csproj", "{270FBE6A-686C-4EC6-973D-7602F69352F0}"
EndProject
Project("{FAE04EC0-301F-11D3-BF4B-00C04F79EFBC}") = "Application", "src\Application\Application.csproj", "{D4B0B530-A847-42D4-8864-2B1C7000E3E3}"
EndProject
Project("{FAE04EC0-301F-11D3-BF4B-00C04F79EFBC}") = "Infrastructure", "src\Infrastructure\Infrastructure.csproj", "{2F791D9C-A845-4C5C-BD7D-E81BB5E46571}"
EndProject
Project("{FAE04EC0-301F-11D3-BF4B-00C04F79EFBC}") = "API", "src\API\API.csproj", "{60977AE0-D5FA-4E44-8897-EF0B08195640}"
EndProject
Project("{FAE04EC0-301F-11D3-BF4B-00C04F79EFBC}") = "Domain.Tests", "tests\Domain.Tests\Domain.Tests.csproj", "{E1F1A2B3-C4D5-E6F7-8990-A1B2C3D4E5F6}"
EndProject
Project("{FAE04EC0-301F-11D3-BF4B-00C04F79EFBC}") = "Application.Tests", "tests\Application.Tests\Application.Tests.csproj", "{59927789-ED26-4577-B66D-DA3CD166D12C}"
EndProject
Project("{FAE04EC0-301F-11D3-BF4B-00C04F79EFBC}") = "Infrastructure.Tests", "tests\Infrastructure.Tests\Infrastructure.Tests.csproj", "{044F168D-7CD3-4A86-9795-BD6796684BF1}"
EndProject
Project("{FAE04EC0-301F-11D3-BF4B-00C04F79EFBC}") = "API.Tests", "tests\API.Tests\API.Tests.csproj", "{63589B31-A76D-447E-BFE9-1831B9A8F68B}"
EndProject
Project("{2150E333-8FDC-42A3-9474-1A3956D46DE8}") = "src", "src", "{02EA681E-C7D8-13C7-8484-4AC65E1B71E8}"
EndProject
Project("{2150E333-8FDC-42A3-9474-1A3956D46DE8}") = "test", "test", "{81AACA6D-487D-40AD-BBFF-8D2CC42FED3C}"
EndProject
Global
	GlobalSection(SolutionConfigurationPlatforms) = preSolution
		Debug|Any CPU = Debug|Any CPU
		Debug|x64 = Debug|x64
		Debug|x86 = Debug|x86
		Release|Any CPU = Release|Any CPU
		Release|x64 = Release|x64
		Release|x86 = Release|x86
	EndGlobalSection
	GlobalSection(ProjectConfigurationPlatforms) = postSolution
		{270FBE6A-686C-4EC6-973D-7602F69352F0}.Debug|Any CPU.ActiveCfg = Debug|Any CPU
		{270FBE6A-686C-4EC6-973D-7602F69352F0}.Debug|Any CPU.Build.0 = Debug|Any CPU
		{270FBE6A-686C-4EC6-973D-7602F69352F0}.Debug|x64.ActiveCfg = Debug|Any CPU
		{270FBE6A-686C-4EC6-973D-7602F69352F0}.Debug|x64.Build.0 = Debug|Any CPU
		{270FBE6A-686C-4EC6-973D-7602F69352F0}.Debug|x86.ActiveCfg = Debug|Any CPU
		{270FBE6A-686C-4EC6-973D-7602F69352F0}.Debug|x86.Build.0 = Debug|Any CPU
		{270FBE6A-686C-4EC6-973D-7602F69352F0}.Release|Any CPU.ActiveCfg = Release|Any CPU
		{270FBE6A-686C-4EC6-973D-7602F69352F0}.Release|Any CPU.Build.0 = Release|Any CPU
		{270FBE6A-686C-4EC6-973D-7602F69352F0}.Release|x64.ActiveCfg = Release|Any CPU
		{270FBE6A-686C-4EC6-973D-7602F69352F0}.Release|x64.Build.0 = Release|Any CPU
		{270FBE6A-686C-4EC6-973D-7602F69352F0}.Release|x86.ActiveCfg = Release|Any CPU
		{270FBE6A-686C-4EC6-973D-7602F69352F0}.Release|x86.Build.0 = Release|Any CPU
		{D4B0B530-A847-42D4-8864-2B1C7000E3E3}.Debug|Any CPU.ActiveCfg = Debug|Any CPU
		{D4B0B530-A847-42D4-8864-2B1C7000E3E3}.Debug|Any CPU.Build.0 = Debug|Any CPU
		{D4B0B530-A847-42D4-8864-2B1C7000E3E3}.Debug|x64.ActiveCfg = Debug|Any CPU
		{D4B0B530-A847-42D4-8864-2B1C7000E3E3}.Debug|x64.Build.0 = Debug|Any CPU
		{D4B0B530-A847-42D4-8864-2B1C7000E3E3}.Debug|x86.ActiveCfg = Debug|Any CPU
		{D4B0B530-A847-42D4-8864-2B1C7000E3E3}.Debug|x86.Build.0 = Debug|Any CPU
		{D4B0B530-A847-42D4-8864-2B1C7000E3E3}.Release|Any CPU.ActiveCfg = Release|Any CPU
		{D4B0B530-A847-42D4-8864-2B1C7000E3E3}.Release|Any CPU.Build.0 = Release|Any CPU
		{D4B0B530-A847-42D4-8864-2B1C7000E3E3}.Release|x64.ActiveCfg = Release|Any CPU
		{D4B0B530-A847-42D4-8864-2B1C7000E3E3}.Release|x64.Build.0 = Release|Any CPU
		{D4B0B530-A847-42D4-8864-2B1C7000E3E3}.Release|x86.ActiveCfg = Release|Any CPU
		{D4B0B530-A847-42D4-8864-2B1C7000E3E3}.Release|x86.Build.0 = Release|Any CPU
		{2F791D9C-A845-4C5C-BD7D-E81BB5E46571}.Debug|Any CPU.ActiveCfg = Debug|Any CPU
		{2F791D9C-A845-4C5C-BD7D-E81BB5E46571}.Debug|Any CPU.Build.0 = Debug|Any CPU
		{2F791D9C-A845-4C5C-BD7D-E81BB5E46571}.Debug|x64.ActiveCfg = Debug|Any CPU
		{2F791D9C-A845-4C5C-BD7D-E81BB5E46571}.Debug|x64.Build.0 = Debug|Any CPU
		{2F791D9C-A845-4C5C-BD7D-E81BB5E46571}.Debug|x86.ActiveCfg = Debug|Any CPU
		{2F791D9C-A845-4C5C-BD7D-E81BB5E46571}.Debug|x86.Build.0 = Debug|Any CPU
		{2F791D9C-A845-4C5C-BD7D-E81BB5E46571}.Release|Any CPU.ActiveCfg = Release|Any CPU
		{2F791D9C-A845-4C5C-BD7D-E81BB5E46571}.Release|Any CPU.Build.0 = Release|Any CPU
		{2F791D9C-A845-4C5C-BD7D-E81BB5E46571}.Release|x64.ActiveCfg = Release|Any CPU
		{2F791D9C-A845-4C5C-BD7D-E81BB5E46571}.Release|x64.Build.0 = Release|Any CPU
		{2F791D9C-A845-4C5C-BD7D-E81BB5E46571}.Release|x86.ActiveCfg = Release|Any CPU
		{2F791D9C-A845-4C5C-BD7D-E81BB5E46571}.Release|x86.Build.0 = Release|Any CPU
		{60977AE0-D5FA-4E44-8897-EF0B08195640}.Debug|Any CPU.ActiveCfg = Debug|Any CPU
		{60977AE0-D5FA-4E44-8897-EF0B08195640}.Debug|Any CPU.Build.0 = Debug|Any CPU
		{60977AE0-D5FA-4E44-8897-EF0B08195640}.Debug|x64.ActiveCfg = Debug|Any CPU
		{60977AE0-D5FA-4E44-8897-EF0B08195640}.Debug|x64.Build.0 = Debug|Any CPU
		{60977AE0-D5FA-4E44-8897-EF0B08195640}.Debug|x86.ActiveCfg = Debug|Any CPU
		{60977AE0-D5FA-4E44-8897-EF0B08195640}.Debug|x86.Build.0 = Debug|Any CPU
		{60977AE0-D5FA-4E44-8897-EF0B08195640}.Release|Any CPU.ActiveCfg = Release|Any CPU
		{60977AE0-D5FA-4E44-8897-EF0B08195640}.Release|Any CPU.Build.0 = Release|Any CPU
		{60977AE0-D5FA-4E44-8897-EF0B08195640}.Release|x64.ActiveCfg = Release|Any CPU
		{60977AE0-D5FA-4E44-8897-EF0B08195640}.Release|x64.Build.0 = Release|Any CPU
		{60977AE0-D5FA-4E44-8897-EF0B08195640}.Release|x86.ActiveCfg = Release|Any CPU
		{60977AE0-D5FA-4E44-8897-EF0B08195640}.Release|x86.Build.0 = Release|Any CPU
		{E1F1A2B3-C4D5-E6F7-8990-A1B2C3D4E5F6}.Debug|Any CPU.ActiveCfg = Debug|Any CPU
		{E1F1A2B3-C4D5-E6F7-8990-A1B2C3D4E5F6}.Debug|Any CPU.Build.0 = Debug|Any CPU
		{E1F1A2B3-C4D5-E6F7-8990-A1B2C3D4E5F6}.Debug|x64.ActiveCfg = Debug|Any CPU
		{E1F1A2B3-C4D5-E6F7-8990-A1B2C3D4E5F6}.Debug|x64.Build.0 = Debug|Any CPU
		{E1F1A2B3-C4D5-E6F7-8990-A1B2C3D4E5F6}.Debug|x86.ActiveCfg = Debug|Any CPU
		{E1F1A2B3-C4D5-E6F7-8990-A1B2C3D4E5F6}.Debug|x86.Build.0 = Debug|Any CPU
		{E1F1A2B3-C4D5-E6F7-8990-A1B2C3D4E5F6}.Release|Any CPU.ActiveCfg = Release|Any CPU
		{E1F1A2B3-C4D5-E6F7-8990-A1B2C3D4E5F6}.Release|Any CPU.Build.0 = Release|Any CPU
		{E1F1A2B3-C4D5-E6F7-8990-A1B2C3D4E5F6}.Release|x64.ActiveCfg = Release|Any CPU
		{E1F1A2B3-C4D5-E6F7-8990-A1B2C3D4E5F6}.Release|x64.Build.0 = Release|Any CPU
		{E1F1A2B3-C4D5-E6F7-8990-A1B2C3D4E5F6}.Release|x86.ActiveCfg = Release|Any CPU
		{E1F1A2B3-C4D5-E6F7-8990-A1B2C3D4E5F6}.Release|x86.Build.0 = Release|Any CPU
		{59927789-ED26-4577-B66D-DA3CD166D12C}.Debug|Any CPU.ActiveCfg = Debug|Any CPU
		{59927789-ED26-4577-B66D-DA3CD166D12C}.Debug|Any CPU.Build.0 = Debug|Any CPU
		{59927789-ED26-4577-B66D-DA3CD166D12C}.Debug|x64.ActiveCfg = Debug|Any CPU
		{59927789-ED26-4577-B66D-DA3CD166D12C}.Debug|x64.Build.0 = Debug|Any CPU
		{59927789-ED26-4577-B66D-DA3CD166D12C}.Debug|x86.ActiveCfg = Debug|Any CPU
		{59927789-ED26-4577-B66D-DA3CD166D12C}.Debug|x86.Build.0 = Debug|Any CPU
		{59927789-ED26-4577-B66D-DA3CD166D12C}.Release|Any CPU.ActiveCfg = Release|Any CPU
		{59927789-ED26-4577-B66D-DA3CD166D12C}.Release|Any CPU.Build.0 = Release|Any CPU
		{59927789-ED26-4577-B66D-DA3CD166D12C}.Release|x64.ActiveCfg = Release|Any CPU
		{59927789-ED26-4577-B66D-DA3CD166D12C}.Release|x64.Build.0 = Release|Any CPU
		{59927789-ED26-4577-B66D-DA3CD166D12C}.Release|x86.ActiveCfg = Release|Any CPU
		{59927789-ED26-4577-B66D-DA3CD166D12C}.Release|x86.Build.0 = Release|Any CPU
		{044F168D-7CD3-4A86-9795-BD6796684BF1}.Debug|Any CPU.ActiveCfg = Debug|Any CPU
		{044F168D-7CD3-4A86-9795-BD6796684BF1}.Debug|Any CPU.Build.0 = Debug|Any CPU
		{044F168D-7CD3-4A86-9795-BD6796684BF1}.Debug|x64.ActiveCfg = Debug|Any CPU
		{044F168D-7CD3-4A86-9795-BD6796684BF1}.Debug|x64.Build.0 = Debug|Any CPU
		{044F168D-7CD3-4A86-9795-BD6796684BF1}.Debug|x86.ActiveCfg = Debug|Any CPU
		{044F168D-7CD3-4A86-9795-BD6796684BF1}.Debug|x86.Build.0 = Debug|Any CPU
		{044F168D-7CD3-4A86-9795-BD6796684BF1}.Release|Any CPU.ActiveCfg = Release|Any CPU
		{044F168D-7CD3-4A86-9795-BD6796684BF1}.Release|Any CPU.Build.0 = Release|Any CPU
		{044F168D-7CD3-4A86-9795-BD6796684BF1}.Release|x64.ActiveCfg = Release|Any CPU
		{044F168D-7CD3-4A86-9795-BD6796684BF1}.Release|x64.Build.0 = Release|Any CPU
		{044F168D-7CD3-4A86-9795-BD6796684BF1}.Release|x86.ActiveCfg = Release|Any CPU
		{044F168D-7CD3-4A86-9795-BD6796684BF1}.Release|x86.Build.0 = Release|Any CPU
		{63589B31-A76D-447E-BFE9-1831B9A8F68B}.Debug|Any CPU.ActiveCfg = Debug|Any CPU
		{63589B31-A76D-447E-BFE9-1831B9A8F68B}.Debug|Any CPU.Build.0 = Debug|Any CPU
		{63589B31-A76D-447E-BFE9-1831B9A8F68B}.Debug|x64.ActiveCfg = Debug|Any CPU
		{63589B31-A76D-447E-BFE9-1831B9A8F68B}.Debug|x64.Build.0 = Debug|Any CPU
		{63589B31-A76D-447E-BFE9-1831B9A8F68B}.Debug|x86.ActiveCfg = Debug|Any CPU
		{63589B31-A76D-447E-BFE9-1831B9A8F68B}.Debug|x86.Build.0 = Debug|Any CPU
		{63589B31-A76D-447E-BFE9-1831B9A8F68B}.Release|Any CPU.ActiveCfg = Release|Any CPU
		{63589B31-A76D-447E-BFE9-1831B9A8F68B}.Release|Any CPU.Build.0 = Release|Any CPU
		{63589B31-A76D-447E-BFE9-1831B9A8F68B}.Release|x64.ActiveCfg = Release|Any CPU
		{63589B31-A76D-447E-BFE9-1831B9A8F68B}.Release|x64.Build.0 = Release|Any CPU
		{63589B31-A76D-447E-BFE9-1831B9A8F68B}.Release|x86.ActiveCfg = Release|Any CPU
		{63589B31-A76D-447E-BFE9-1831B9A8F68B}.Release|x86.Build.0 = Release|Any CPU
	EndGlobalSection
	GlobalSection(SolutionProperties) = preSolution
		HideSolutionNode = FALSE
	EndGlobalSection
	GlobalSection(NestedProjects) = preSolution
		{270FBE6A-686C-4EC6-973D-7602F69352F0} = {02EA681E-C7D8-13C7-8484-4AC65E1B71E8}
		{D4B0B530-A847-42D4-8864-2B1C7000E3E3} = {02EA681E-C7D8-13C7-8484-4AC65E1B71E8}
		{2F791D9C-A845-4C5C-BD7D-E81BB5E46571} = {02EA681E-C7D8-13C7-8484-4AC65E1B71E8}
		{60977AE0-D5FA-4E44-8897-EF0B08195640} = {02EA681E-C7D8-13C7-8484-4AC65E1B71E8}
		{E1F1A2B3-C4D5-E6F7-8990-A1B2C3D4E5F6} = {81AACA6D-487D-40AD-BBFF-8D2CC42FED3C}
		{59927789-ED26-4577-B66D-DA3CD166D12C} = {81AACA6D-487D-40AD-BBFF-8D2CC42FED3C}
		{044F168D-7CD3-4A86-9795-BD6796684BF1} = {81AACA6D-487D-40AD-BBFF-8D2CC42FED3C}
		{63589B31-A76D-447E-BFE9-1831B9A8F68B} = {81AACA6D-487D-40AD-BBFF-8D2CC42FED3C}
	EndGlobalSection
EndGlobal
