
Microsoft Visual Studio Solution File, Format Version 12.00
# Visual Studio Version 17
VisualStudioVersion = 17.0.31903.59
MinimumVisualStudioVersion = 10.0.40219.1
Project("{2150E333-8FDC-42A3-9474-1A3956D46DE8}") = "src", "src", "{02EA681E-C7D8-13C7-8484-4AC65E1B71E8}"
EndProject
Project("{FAE04EC0-301F-11D3-BF4B-00C04F79EFBC}") = "Fishio.SharedKernel", "src\Fishio.SharedKernel\Fishio.SharedKernel.csproj", "{73BEC26F-E7BD-40BD-A273-118F7F42023F}"
EndProject
Project("{FAE04EC0-301F-11D3-BF4B-00C04F79EFBC}") = "Fishio.ApiHost", "src\Fishio.ApiHost\Fishio.ApiHost.csproj", "{0F6AB3B0-8D1F-48BF-8954-42C287946B91}"
EndProject
Project("{2150E333-8FDC-42A3-9474-1A3956D46DE8}") = "Contexts", "Contexts", "{B112075A-8573-21CC-522F-0FAB95F606CA}"
EndProject
Project("{2150E333-8FDC-42A3-9474-1A3956D46DE8}") = "IdentityAccess", "IdentityAccess", "{DD33A7B2-3425-D7E7-1304-D9FCE649988E}"
EndProject
Project("{FAE04EC0-301F-11D3-BF4B-00C04F79EFBC}") = "Fishio.IdentityAccess.Domain", "src\Contexts\IdentityAccess\Fishio.IdentityAccess.Domain\Fishio.IdentityAccess.Domain.csproj", "{4BE730A5-54AB-40D5-B021-B00613A5217A}"
EndProject
Project("{FAE04EC0-301F-11D3-BF4B-00C04F79EFBC}") = "Fishio.IdentityAccess.Application", "src\Contexts\IdentityAccess\Fishio.IdentityAccess.Application\Fishio.IdentityAccess.Application.csproj", "{8EF42DAE-7E1A-407D-87F3-9960827F1FCE}"
EndProject
Project("{FAE04EC0-301F-11D3-BF4B-00C04F79EFBC}") = "Fishio.IdentityAccess.Infrastructure", "src\Contexts\IdentityAccess\Fishio.IdentityAccess.Infrastructure\Fishio.IdentityAccess.Infrastructure.csproj", "{4C51E4CE-13E6-4F03-A27B-93844FD8D645}"
EndProject
Project("{FAE04EC0-301F-11D3-BF4B-00C04F79EFBC}") = "Fishio.IdentityAccess.Api", "src\Contexts\IdentityAccess\Fishio.IdentityAccess.Api\Fishio.IdentityAccess.Api.csproj", "{499BB41A-DFA9-49ED-9E20-B08219C1BAAB}"
EndProject
Project("{2150E333-8FDC-42A3-9474-1A3956D46DE8}") = "Competitions", "Competitions", "{5A6518D0-05ED-9676-6F92-0A20F329A318}"
EndProject
Project("{FAE04EC0-301F-11D3-BF4B-00C04F79EFBC}") = "Fishio.Competitions.Domain", "src\Contexts\Competitions\Fishio.Competitions.Domain\Fishio.Competitions.Domain.csproj", "{D94BE33D-1A4B-4970-915C-30D8D4E1CF85}"
EndProject
Project("{FAE04EC0-301F-11D3-BF4B-00C04F79EFBC}") = "Fishio.Competitions.Application", "src\Contexts\Competitions\Fishio.Competitions.Application\Fishio.Competitions.Application.csproj", "{52D3F217-CF33-453A-9F66-45F0D079F328}"
EndProject
Project("{FAE04EC0-301F-11D3-BF4B-00C04F79EFBC}") = "Fishio.Competitions.Infrastructure", "src\Contexts\Competitions\Fishio.Competitions.Infrastructure\Fishio.Competitions.Infrastructure.csproj", "{71433AB0-2FEA-4B83-92D7-9DE34E6A3DC7}"
EndProject
Project("{FAE04EC0-301F-11D3-BF4B-00C04F79EFBC}") = "Fishio.Competitions.Api", "src\Contexts\Competitions\Fishio.Competitions.Api\Fishio.Competitions.Api.csproj", "{EC55CF61-7CC9-4F14-8F84-DA278429D1AD}"
EndProject
Project("{2150E333-8FDC-42A3-9474-1A3956D46DE8}") = "Scoring", "Scoring", "{2E62E484-3F33-813C-5362-3521EAB3A6E0}"
EndProject
Project("{FAE04EC0-301F-11D3-BF4B-00C04F79EFBC}") = "Fishio.Scoring.Domain", "src\Contexts\Scoring\Fishio.Scoring.Domain\Fishio.Scoring.Domain.csproj", "{3008DE0A-650C-4BB8-A006-2369A95F967E}"
EndProject
Project("{FAE04EC0-301F-11D3-BF4B-00C04F79EFBC}") = "Fishio.Scoring.Application", "src\Contexts\Scoring\Fishio.Scoring.Application\Fishio.Scoring.Application.csproj", "{B8ED0B41-FB11-42B0-9E1D-CD02AD50BEF2}"
EndProject
Project("{FAE04EC0-301F-11D3-BF4B-00C04F79EFBC}") = "Fishio.Scoring.Infrastructure", "src\Contexts\Scoring\Fishio.Scoring.Infrastructure\Fishio.Scoring.Infrastructure.csproj", "{7FE32CD9-C5D3-4362-8E69-2276DAB17306}"
EndProject
Project("{FAE04EC0-301F-11D3-BF4B-00C04F79EFBC}") = "Fishio.Scoring.Api", "src\Contexts\Scoring\Fishio.Scoring.Api\Fishio.Scoring.Api.csproj", "{A5B16339-33D0-4E9B-983F-08E07A747BED}"
EndProject
Project("{2150E333-8FDC-42A3-9474-1A3956D46DE8}") = "LiveEvent", "LiveEvent", "{F863C652-CE21-3D06-51DA-AA45C217FE1F}"
EndProject
Project("{FAE04EC0-301F-11D3-BF4B-00C04F79EFBC}") = "Fishio.LiveEvent.Domain", "src\Contexts\LiveEvent\Fishio.LiveEvent.Domain\Fishio.LiveEvent.Domain.csproj", "{C672ABD1-0779-4220-BC20-44AAFF5340E1}"
EndProject
Project("{FAE04EC0-301F-11D3-BF4B-00C04F79EFBC}") = "Fishio.LiveEvent.Application", "src\Contexts\LiveEvent\Fishio.LiveEvent.Application\Fishio.LiveEvent.Application.csproj", "{0ACF127A-0FC9-4071-A371-752B7F69CB44}"
EndProject
Project("{FAE04EC0-301F-11D3-BF4B-00C04F79EFBC}") = "Fishio.LiveEvent.Infrastructure", "src\Contexts\LiveEvent\Fishio.LiveEvent.Infrastructure\Fishio.LiveEvent.Infrastructure.csproj", "{7EC1A211-B8D7-416E-A1CF-42BA7C5AFD71}"
EndProject
Project("{FAE04EC0-301F-11D3-BF4B-00C04F79EFBC}") = "Fishio.LiveEvent.Api", "src\Contexts\LiveEvent\Fishio.LiveEvent.Api\Fishio.LiveEvent.Api.csproj", "{627C7E14-42A6-4DE6-A471-400EC726F231}"
EndProject
Project("{2150E333-8FDC-42A3-9474-1A3956D46DE8}") = "Venues", "Venues", "{8A6A1D68-44C8-16C6-F871-1EC0852F6D09}"
EndProject
Project("{FAE04EC0-301F-11D3-BF4B-00C04F79EFBC}") = "Fishio.Venues.Domain", "src\Contexts\Venues\Fishio.Venues.Domain\Fishio.Venues.Domain.csproj", "{41267D56-17B6-49E2-9665-4038B5F0FBCF}"
EndProject
Project("{FAE04EC0-301F-11D3-BF4B-00C04F79EFBC}") = "Fishio.Venues.Application", "src\Contexts\Venues\Fishio.Venues.Application\Fishio.Venues.Application.csproj", "{20A676D0-CC7D-47C8-AF31-47B2BB482297}"
EndProject
Project("{FAE04EC0-301F-11D3-BF4B-00C04F79EFBC}") = "Fishio.Venues.Infrastructure", "src\Contexts\Venues\Fishio.Venues.Infrastructure\Fishio.Venues.Infrastructure.csproj", "{3FB2EBC3-A07C-4517-A01F-247ABC1E9484}"
EndProject
Project("{FAE04EC0-301F-11D3-BF4B-00C04F79EFBC}") = "Fishio.Venues.Api", "src\Contexts\Venues\Fishio.Venues.Api\Fishio.Venues.Api.csproj", "{BB712CE3-9973-44D1-A6FB-4223038E83DD}"
EndProject
Project("{2150E333-8FDC-42A3-9474-1A3956D46DE8}") = "Payments", "Payments", "{8EC99DA2-4A30-DADB-95C8-529171F67196}"
EndProject
Project("{FAE04EC0-301F-11D3-BF4B-00C04F79EFBC}") = "Fishio.Payments.Domain", "src\Contexts\Payments\Fishio.Payments.Domain\Fishio.Payments.Domain.csproj", "{5BAC86A9-4E44-458D-BB8E-6F865C89FEE3}"
EndProject
Project("{FAE04EC0-301F-11D3-BF4B-00C04F79EFBC}") = "Fishio.Payments.Application", "src\Contexts\Payments\Fishio.Payments.Application\Fishio.Payments.Application.csproj", "{5C145849-22E2-4557-9BE6-215A3368D6BE}"
EndProject
Project("{FAE04EC0-301F-11D3-BF4B-00C04F79EFBC}") = "Fishio.Payments.Infrastructure", "src\Contexts\Payments\Fishio.Payments.Infrastructure\Fishio.Payments.Infrastructure.csproj", "{C6322D59-CFF2-4C73-8364-E52722465C1A}"
EndProject
Project("{FAE04EC0-301F-11D3-BF4B-00C04F79EFBC}") = "Fishio.Payments.Api", "src\Contexts\Payments\Fishio.Payments.Api\Fishio.Payments.Api.csproj", "{8B5F9194-BE5F-4A2A-BD26-5D8F5ABCAD9C}"
EndProject
Project("{FAE04EC0-301F-11D3-BF4B-00C04F79EFBC}") = "Fishio.IntegrationEvents", "src\Fishio.IntegrationEvents\Fishio.IntegrationEvents.csproj", "{5986A800-89B9-491B-A830-486C80E92C88}"
EndProject
Global
	GlobalSection(SolutionConfigurationPlatforms) = preSolution
		Debug|Any CPU = Debug|Any CPU
		Debug|x64 = Debug|x64
		Debug|x86 = Debug|x86
		Release|Any CPU = Release|Any CPU
		Release|x64 = Release|x64
		Release|x86 = Release|x86
	EndGlobalSection
	GlobalSection(ProjectConfigurationPlatforms) = postSolution
		{73BEC26F-E7BD-40BD-A273-118F7F42023F}.Debug|Any CPU.ActiveCfg = Debug|Any CPU
		{73BEC26F-E7BD-40BD-A273-118F7F42023F}.Debug|Any CPU.Build.0 = Debug|Any CPU
		{73BEC26F-E7BD-40BD-A273-118F7F42023F}.Debug|x64.ActiveCfg = Debug|Any CPU
		{73BEC26F-E7BD-40BD-A273-118F7F42023F}.Debug|x64.Build.0 = Debug|Any CPU
		{73BEC26F-E7BD-40BD-A273-118F7F42023F}.Debug|x86.ActiveCfg = Debug|Any CPU
		{73BEC26F-E7BD-40BD-A273-118F7F42023F}.Debug|x86.Build.0 = Debug|Any CPU
		{73BEC26F-E7BD-40BD-A273-118F7F42023F}.Release|Any CPU.ActiveCfg = Release|Any CPU
		{73BEC26F-E7BD-40BD-A273-118F7F42023F}.Release|Any CPU.Build.0 = Release|Any CPU
		{73BEC26F-E7BD-40BD-A273-118F7F42023F}.Release|x64.ActiveCfg = Release|Any CPU
		{73BEC26F-E7BD-40BD-A273-118F7F42023F}.Release|x64.Build.0 = Release|Any CPU
		{73BEC26F-E7BD-40BD-A273-118F7F42023F}.Release|x86.ActiveCfg = Release|Any CPU
		{73BEC26F-E7BD-40BD-A273-118F7F42023F}.Release|x86.Build.0 = Release|Any CPU
		{0F6AB3B0-8D1F-48BF-8954-42C287946B91}.Debug|Any CPU.ActiveCfg = Debug|Any CPU
		{0F6AB3B0-8D1F-48BF-8954-42C287946B91}.Debug|Any CPU.Build.0 = Debug|Any CPU
		{0F6AB3B0-8D1F-48BF-8954-42C287946B91}.Debug|x64.ActiveCfg = Debug|Any CPU
		{0F6AB3B0-8D1F-48BF-8954-42C287946B91}.Debug|x64.Build.0 = Debug|Any CPU
		{0F6AB3B0-8D1F-48BF-8954-42C287946B91}.Debug|x86.ActiveCfg = Debug|Any CPU
		{0F6AB3B0-8D1F-48BF-8954-42C287946B91}.Debug|x86.Build.0 = Debug|Any CPU
		{0F6AB3B0-8D1F-48BF-8954-42C287946B91}.Release|Any CPU.ActiveCfg = Release|Any CPU
		{0F6AB3B0-8D1F-48BF-8954-42C287946B91}.Release|Any CPU.Build.0 = Release|Any CPU
		{0F6AB3B0-8D1F-48BF-8954-42C287946B91}.Release|x64.ActiveCfg = Release|Any CPU
		{0F6AB3B0-8D1F-48BF-8954-42C287946B91}.Release|x64.Build.0 = Release|Any CPU
		{0F6AB3B0-8D1F-48BF-8954-42C287946B91}.Release|x86.ActiveCfg = Release|Any CPU
		{0F6AB3B0-8D1F-48BF-8954-42C287946B91}.Release|x86.Build.0 = Release|Any CPU
		{4BE730A5-54AB-40D5-B021-B00613A5217A}.Debug|Any CPU.ActiveCfg = Debug|Any CPU
		{4BE730A5-54AB-40D5-B021-B00613A5217A}.Debug|Any CPU.Build.0 = Debug|Any CPU
		{4BE730A5-54AB-40D5-B021-B00613A5217A}.Debug|x64.ActiveCfg = Debug|Any CPU
		{4BE730A5-54AB-40D5-B021-B00613A5217A}.Debug|x64.Build.0 = Debug|Any CPU
		{4BE730A5-54AB-40D5-B021-B00613A5217A}.Debug|x86.ActiveCfg = Debug|Any CPU
		{4BE730A5-54AB-40D5-B021-B00613A5217A}.Debug|x86.Build.0 = Debug|Any CPU
		{4BE730A5-54AB-40D5-B021-B00613A5217A}.Release|Any CPU.ActiveCfg = Release|Any CPU
		{4BE730A5-54AB-40D5-B021-B00613A5217A}.Release|Any CPU.Build.0 = Release|Any CPU
		{4BE730A5-54AB-40D5-B021-B00613A5217A}.Release|x64.ActiveCfg = Release|Any CPU
		{4BE730A5-54AB-40D5-B021-B00613A5217A}.Release|x64.Build.0 = Release|Any CPU
		{4BE730A5-54AB-40D5-B021-B00613A5217A}.Release|x86.ActiveCfg = Release|Any CPU
		{4BE730A5-54AB-40D5-B021-B00613A5217A}.Release|x86.Build.0 = Release|Any CPU
		{8EF42DAE-7E1A-407D-87F3-9960827F1FCE}.Debug|Any CPU.ActiveCfg = Debug|Any CPU
		{8EF42DAE-7E1A-407D-87F3-9960827F1FCE}.Debug|Any CPU.Build.0 = Debug|Any CPU
		{8EF42DAE-7E1A-407D-87F3-9960827F1FCE}.Debug|x64.ActiveCfg = Debug|Any CPU
		{8EF42DAE-7E1A-407D-87F3-9960827F1FCE}.Debug|x64.Build.0 = Debug|Any CPU
		{8EF42DAE-7E1A-407D-87F3-9960827F1FCE}.Debug|x86.ActiveCfg = Debug|Any CPU
		{8EF42DAE-7E1A-407D-87F3-9960827F1FCE}.Debug|x86.Build.0 = Debug|Any CPU
		{8EF42DAE-7E1A-407D-87F3-9960827F1FCE}.Release|Any CPU.ActiveCfg = Release|Any CPU
		{8EF42DAE-7E1A-407D-87F3-9960827F1FCE}.Release|Any CPU.Build.0 = Release|Any CPU
		{8EF42DAE-7E1A-407D-87F3-9960827F1FCE}.Release|x64.ActiveCfg = Release|Any CPU
		{8EF42DAE-7E1A-407D-87F3-9960827F1FCE}.Release|x64.Build.0 = Release|Any CPU
		{8EF42DAE-7E1A-407D-87F3-9960827F1FCE}.Release|x86.ActiveCfg = Release|Any CPU
		{8EF42DAE-7E1A-407D-87F3-9960827F1FCE}.Release|x86.Build.0 = Release|Any CPU
		{4C51E4CE-13E6-4F03-A27B-93844FD8D645}.Debug|Any CPU.ActiveCfg = Debug|Any CPU
		{4C51E4CE-13E6-4F03-A27B-93844FD8D645}.Debug|Any CPU.Build.0 = Debug|Any CPU
		{4C51E4CE-13E6-4F03-A27B-93844FD8D645}.Debug|x64.ActiveCfg = Debug|Any CPU
		{4C51E4CE-13E6-4F03-A27B-93844FD8D645}.Debug|x64.Build.0 = Debug|Any CPU
		{4C51E4CE-13E6-4F03-A27B-93844FD8D645}.Debug|x86.ActiveCfg = Debug|Any CPU
		{4C51E4CE-13E6-4F03-A27B-93844FD8D645}.Debug|x86.Build.0 = Debug|Any CPU
		{4C51E4CE-13E6-4F03-A27B-93844FD8D645}.Release|Any CPU.ActiveCfg = Release|Any CPU
		{4C51E4CE-13E6-4F03-A27B-93844FD8D645}.Release|Any CPU.Build.0 = Release|Any CPU
		{4C51E4CE-13E6-4F03-A27B-93844FD8D645}.Release|x64.ActiveCfg = Release|Any CPU
		{4C51E4CE-13E6-4F03-A27B-93844FD8D645}.Release|x64.Build.0 = Release|Any CPU
		{4C51E4CE-13E6-4F03-A27B-93844FD8D645}.Release|x86.ActiveCfg = Release|Any CPU
		{4C51E4CE-13E6-4F03-A27B-93844FD8D645}.Release|x86.Build.0 = Release|Any CPU
		{499BB41A-DFA9-49ED-9E20-B08219C1BAAB}.Debug|Any CPU.ActiveCfg = Debug|Any CPU
		{499BB41A-DFA9-49ED-9E20-B08219C1BAAB}.Debug|Any CPU.Build.0 = Debug|Any CPU
		{499BB41A-DFA9-49ED-9E20-B08219C1BAAB}.Debug|x64.ActiveCfg = Debug|Any CPU
		{499BB41A-DFA9-49ED-9E20-B08219C1BAAB}.Debug|x64.Build.0 = Debug|Any CPU
		{499BB41A-DFA9-49ED-9E20-B08219C1BAAB}.Debug|x86.ActiveCfg = Debug|Any CPU
		{499BB41A-DFA9-49ED-9E20-B08219C1BAAB}.Debug|x86.Build.0 = Debug|Any CPU
		{499BB41A-DFA9-49ED-9E20-B08219C1BAAB}.Release|Any CPU.ActiveCfg = Release|Any CPU
		{499BB41A-DFA9-49ED-9E20-B08219C1BAAB}.Release|Any CPU.Build.0 = Release|Any CPU
		{499BB41A-DFA9-49ED-9E20-B08219C1BAAB}.Release|x64.ActiveCfg = Release|Any CPU
		{499BB41A-DFA9-49ED-9E20-B08219C1BAAB}.Release|x64.Build.0 = Release|Any CPU
		{499BB41A-DFA9-49ED-9E20-B08219C1BAAB}.Release|x86.ActiveCfg = Release|Any CPU
		{499BB41A-DFA9-49ED-9E20-B08219C1BAAB}.Release|x86.Build.0 = Release|Any CPU
		{D94BE33D-1A4B-4970-915C-30D8D4E1CF85}.Debug|Any CPU.ActiveCfg = Debug|Any CPU
		{D94BE33D-1A4B-4970-915C-30D8D4E1CF85}.Debug|Any CPU.Build.0 = Debug|Any CPU
		{D94BE33D-1A4B-4970-915C-30D8D4E1CF85}.Debug|x64.ActiveCfg = Debug|Any CPU
		{D94BE33D-1A4B-4970-915C-30D8D4E1CF85}.Debug|x64.Build.0 = Debug|Any CPU
		{D94BE33D-1A4B-4970-915C-30D8D4E1CF85}.Debug|x86.ActiveCfg = Debug|Any CPU
		{D94BE33D-1A4B-4970-915C-30D8D4E1CF85}.Debug|x86.Build.0 = Debug|Any CPU
		{D94BE33D-1A4B-4970-915C-30D8D4E1CF85}.Release|Any CPU.ActiveCfg = Release|Any CPU
		{D94BE33D-1A4B-4970-915C-30D8D4E1CF85}.Release|Any CPU.Build.0 = Release|Any CPU
		{D94BE33D-1A4B-4970-915C-30D8D4E1CF85}.Release|x64.ActiveCfg = Release|Any CPU
		{D94BE33D-1A4B-4970-915C-30D8D4E1CF85}.Release|x64.Build.0 = Release|Any CPU
		{D94BE33D-1A4B-4970-915C-30D8D4E1CF85}.Release|x86.ActiveCfg = Release|Any CPU
		{D94BE33D-1A4B-4970-915C-30D8D4E1CF85}.Release|x86.Build.0 = Release|Any CPU
		{52D3F217-CF33-453A-9F66-45F0D079F328}.Debug|Any CPU.ActiveCfg = Debug|Any CPU
		{52D3F217-CF33-453A-9F66-45F0D079F328}.Debug|Any CPU.Build.0 = Debug|Any CPU
		{52D3F217-CF33-453A-9F66-45F0D079F328}.Debug|x64.ActiveCfg = Debug|Any CPU
		{52D3F217-CF33-453A-9F66-45F0D079F328}.Debug|x64.Build.0 = Debug|Any CPU
		{52D3F217-CF33-453A-9F66-45F0D079F328}.Debug|x86.ActiveCfg = Debug|Any CPU
		{52D3F217-CF33-453A-9F66-45F0D079F328}.Debug|x86.Build.0 = Debug|Any CPU
		{52D3F217-CF33-453A-9F66-45F0D079F328}.Release|Any CPU.ActiveCfg = Release|Any CPU
		{52D3F217-CF33-453A-9F66-45F0D079F328}.Release|Any CPU.Build.0 = Release|Any CPU
		{52D3F217-CF33-453A-9F66-45F0D079F328}.Release|x64.ActiveCfg = Release|Any CPU
		{52D3F217-CF33-453A-9F66-45F0D079F328}.Release|x64.Build.0 = Release|Any CPU
		{52D3F217-CF33-453A-9F66-45F0D079F328}.Release|x86.ActiveCfg = Release|Any CPU
		{52D3F217-CF33-453A-9F66-45F0D079F328}.Release|x86.Build.0 = Release|Any CPU
		{71433AB0-2FEA-4B83-92D7-9DE34E6A3DC7}.Debug|Any CPU.ActiveCfg = Debug|Any CPU
		{71433AB0-2FEA-4B83-92D7-9DE34E6A3DC7}.Debug|Any CPU.Build.0 = Debug|Any CPU
		{71433AB0-2FEA-4B83-92D7-9DE34E6A3DC7}.Debug|x64.ActiveCfg = Debug|Any CPU
		{71433AB0-2FEA-4B83-92D7-9DE34E6A3DC7}.Debug|x64.Build.0 = Debug|Any CPU
		{71433AB0-2FEA-4B83-92D7-9DE34E6A3DC7}.Debug|x86.ActiveCfg = Debug|Any CPU
		{71433AB0-2FEA-4B83-92D7-9DE34E6A3DC7}.Debug|x86.Build.0 = Debug|Any CPU
		{71433AB0-2FEA-4B83-92D7-9DE34E6A3DC7}.Release|Any CPU.ActiveCfg = Release|Any CPU
		{71433AB0-2FEA-4B83-92D7-9DE34E6A3DC7}.Release|Any CPU.Build.0 = Release|Any CPU
		{71433AB0-2FEA-4B83-92D7-9DE34E6A3DC7}.Release|x64.ActiveCfg = Release|Any CPU
		{71433AB0-2FEA-4B83-92D7-9DE34E6A3DC7}.Release|x64.Build.0 = Release|Any CPU
		{71433AB0-2FEA-4B83-92D7-9DE34E6A3DC7}.Release|x86.ActiveCfg = Release|Any CPU
		{71433AB0-2FEA-4B83-92D7-9DE34E6A3DC7}.Release|x86.Build.0 = Release|Any CPU
		{EC55CF61-7CC9-4F14-8F84-DA278429D1AD}.Debug|Any CPU.ActiveCfg = Debug|Any CPU
		{EC55CF61-7CC9-4F14-8F84-DA278429D1AD}.Debug|Any CPU.Build.0 = Debug|Any CPU
		{EC55CF61-7CC9-4F14-8F84-DA278429D1AD}.Debug|x64.ActiveCfg = Debug|Any CPU
		{EC55CF61-7CC9-4F14-8F84-DA278429D1AD}.Debug|x64.Build.0 = Debug|Any CPU
		{EC55CF61-7CC9-4F14-8F84-DA278429D1AD}.Debug|x86.ActiveCfg = Debug|Any CPU
		{EC55CF61-7CC9-4F14-8F84-DA278429D1AD}.Debug|x86.Build.0 = Debug|Any CPU
		{EC55CF61-7CC9-4F14-8F84-DA278429D1AD}.Release|Any CPU.ActiveCfg = Release|Any CPU
		{EC55CF61-7CC9-4F14-8F84-DA278429D1AD}.Release|Any CPU.Build.0 = Release|Any CPU
		{EC55CF61-7CC9-4F14-8F84-DA278429D1AD}.Release|x64.ActiveCfg = Release|Any CPU
		{EC55CF61-7CC9-4F14-8F84-DA278429D1AD}.Release|x64.Build.0 = Release|Any CPU
		{EC55CF61-7CC9-4F14-8F84-DA278429D1AD}.Release|x86.ActiveCfg = Release|Any CPU
		{EC55CF61-7CC9-4F14-8F84-DA278429D1AD}.Release|x86.Build.0 = Release|Any CPU
		{3008DE0A-650C-4BB8-A006-2369A95F967E}.Debug|Any CPU.ActiveCfg = Debug|Any CPU
		{3008DE0A-650C-4BB8-A006-2369A95F967E}.Debug|Any CPU.Build.0 = Debug|Any CPU
		{3008DE0A-650C-4BB8-A006-2369A95F967E}.Debug|x64.ActiveCfg = Debug|Any CPU
		{3008DE0A-650C-4BB8-A006-2369A95F967E}.Debug|x64.Build.0 = Debug|Any CPU
		{3008DE0A-650C-4BB8-A006-2369A95F967E}.Debug|x86.ActiveCfg = Debug|Any CPU
		{3008DE0A-650C-4BB8-A006-2369A95F967E}.Debug|x86.Build.0 = Debug|Any CPU
		{3008DE0A-650C-4BB8-A006-2369A95F967E}.Release|Any CPU.ActiveCfg = Release|Any CPU
		{3008DE0A-650C-4BB8-A006-2369A95F967E}.Release|Any CPU.Build.0 = Release|Any CPU
		{3008DE0A-650C-4BB8-A006-2369A95F967E}.Release|x64.ActiveCfg = Release|Any CPU
		{3008DE0A-650C-4BB8-A006-2369A95F967E}.Release|x64.Build.0 = Release|Any CPU
		{3008DE0A-650C-4BB8-A006-2369A95F967E}.Release|x86.ActiveCfg = Release|Any CPU
		{3008DE0A-650C-4BB8-A006-2369A95F967E}.Release|x86.Build.0 = Release|Any CPU
		{B8ED0B41-FB11-42B0-9E1D-CD02AD50BEF2}.Debug|Any CPU.ActiveCfg = Debug|Any CPU
		{B8ED0B41-FB11-42B0-9E1D-CD02AD50BEF2}.Debug|Any CPU.Build.0 = Debug|Any CPU
		{B8ED0B41-FB11-42B0-9E1D-CD02AD50BEF2}.Debug|x64.ActiveCfg = Debug|Any CPU
		{B8ED0B41-FB11-42B0-9E1D-CD02AD50BEF2}.Debug|x64.Build.0 = Debug|Any CPU
		{B8ED0B41-FB11-42B0-9E1D-CD02AD50BEF2}.Debug|x86.ActiveCfg = Debug|Any CPU
		{B8ED0B41-FB11-42B0-9E1D-CD02AD50BEF2}.Debug|x86.Build.0 = Debug|Any CPU
		{B8ED0B41-FB11-42B0-9E1D-CD02AD50BEF2}.Release|Any CPU.ActiveCfg = Release|Any CPU
		{B8ED0B41-FB11-42B0-9E1D-CD02AD50BEF2}.Release|Any CPU.Build.0 = Release|Any CPU
		{B8ED0B41-FB11-42B0-9E1D-CD02AD50BEF2}.Release|x64.ActiveCfg = Release|Any CPU
		{B8ED0B41-FB11-42B0-9E1D-CD02AD50BEF2}.Release|x64.Build.0 = Release|Any CPU
		{B8ED0B41-FB11-42B0-9E1D-CD02AD50BEF2}.Release|x86.ActiveCfg = Release|Any CPU
		{B8ED0B41-FB11-42B0-9E1D-CD02AD50BEF2}.Release|x86.Build.0 = Release|Any CPU
		{7FE32CD9-C5D3-4362-8E69-2276DAB17306}.Debug|Any CPU.ActiveCfg = Debug|Any CPU
		{7FE32CD9-C5D3-4362-8E69-2276DAB17306}.Debug|Any CPU.Build.0 = Debug|Any CPU
		{7FE32CD9-C5D3-4362-8E69-2276DAB17306}.Debug|x64.ActiveCfg = Debug|Any CPU
		{7FE32CD9-C5D3-4362-8E69-2276DAB17306}.Debug|x64.Build.0 = Debug|Any CPU
		{7FE32CD9-C5D3-4362-8E69-2276DAB17306}.Debug|x86.ActiveCfg = Debug|Any CPU
		{7FE32CD9-C5D3-4362-8E69-2276DAB17306}.Debug|x86.Build.0 = Debug|Any CPU
		{7FE32CD9-C5D3-4362-8E69-2276DAB17306}.Release|Any CPU.ActiveCfg = Release|Any CPU
		{7FE32CD9-C5D3-4362-8E69-2276DAB17306}.Release|Any CPU.Build.0 = Release|Any CPU
		{7FE32CD9-C5D3-4362-8E69-2276DAB17306}.Release|x64.ActiveCfg = Release|Any CPU
		{7FE32CD9-C5D3-4362-8E69-2276DAB17306}.Release|x64.Build.0 = Release|Any CPU
		{7FE32CD9-C5D3-4362-8E69-2276DAB17306}.Release|x86.ActiveCfg = Release|Any CPU
		{7FE32CD9-C5D3-4362-8E69-2276DAB17306}.Release|x86.Build.0 = Release|Any CPU
		{A5B16339-33D0-4E9B-983F-08E07A747BED}.Debug|Any CPU.ActiveCfg = Debug|Any CPU
		{A5B16339-33D0-4E9B-983F-08E07A747BED}.Debug|Any CPU.Build.0 = Debug|Any CPU
		{A5B16339-33D0-4E9B-983F-08E07A747BED}.Debug|x64.ActiveCfg = Debug|Any CPU
		{A5B16339-33D0-4E9B-983F-08E07A747BED}.Debug|x64.Build.0 = Debug|Any CPU
		{A5B16339-33D0-4E9B-983F-08E07A747BED}.Debug|x86.ActiveCfg = Debug|Any CPU
		{A5B16339-33D0-4E9B-983F-08E07A747BED}.Debug|x86.Build.0 = Debug|Any CPU
		{A5B16339-33D0-4E9B-983F-08E07A747BED}.Release|Any CPU.ActiveCfg = Release|Any CPU
		{A5B16339-33D0-4E9B-983F-08E07A747BED}.Release|Any CPU.Build.0 = Release|Any CPU
		{A5B16339-33D0-4E9B-983F-08E07A747BED}.Release|x64.ActiveCfg = Release|Any CPU
		{A5B16339-33D0-4E9B-983F-08E07A747BED}.Release|x64.Build.0 = Release|Any CPU
		{A5B16339-33D0-4E9B-983F-08E07A747BED}.Release|x86.ActiveCfg = Release|Any CPU
		{A5B16339-33D0-4E9B-983F-08E07A747BED}.Release|x86.Build.0 = Release|Any CPU
		{C672ABD1-0779-4220-BC20-44AAFF5340E1}.Debug|Any CPU.ActiveCfg = Debug|Any CPU
		{C672ABD1-0779-4220-BC20-44AAFF5340E1}.Debug|Any CPU.Build.0 = Debug|Any CPU
		{C672ABD1-0779-4220-BC20-44AAFF5340E1}.Debug|x64.ActiveCfg = Debug|Any CPU
		{C672ABD1-0779-4220-BC20-44AAFF5340E1}.Debug|x64.Build.0 = Debug|Any CPU
		{C672ABD1-0779-4220-BC20-44AAFF5340E1}.Debug|x86.ActiveCfg = Debug|Any CPU
		{C672ABD1-0779-4220-BC20-44AAFF5340E1}.Debug|x86.Build.0 = Debug|Any CPU
		{C672ABD1-0779-4220-BC20-44AAFF5340E1}.Release|Any CPU.ActiveCfg = Release|Any CPU
		{C672ABD1-0779-4220-BC20-44AAFF5340E1}.Release|Any CPU.Build.0 = Release|Any CPU
		{C672ABD1-0779-4220-BC20-44AAFF5340E1}.Release|x64.ActiveCfg = Release|Any CPU
		{C672ABD1-0779-4220-BC20-44AAFF5340E1}.Release|x64.Build.0 = Release|Any CPU
		{C672ABD1-0779-4220-BC20-44AAFF5340E1}.Release|x86.ActiveCfg = Release|Any CPU
		{C672ABD1-0779-4220-BC20-44AAFF5340E1}.Release|x86.Build.0 = Release|Any CPU
		{0ACF127A-0FC9-4071-A371-752B7F69CB44}.Debug|Any CPU.ActiveCfg = Debug|Any CPU
		{0ACF127A-0FC9-4071-A371-752B7F69CB44}.Debug|Any CPU.Build.0 = Debug|Any CPU
		{0ACF127A-0FC9-4071-A371-752B7F69CB44}.Debug|x64.ActiveCfg = Debug|Any CPU
		{0ACF127A-0FC9-4071-A371-752B7F69CB44}.Debug|x64.Build.0 = Debug|Any CPU
		{0ACF127A-0FC9-4071-A371-752B7F69CB44}.Debug|x86.ActiveCfg = Debug|Any CPU
		{0ACF127A-0FC9-4071-A371-752B7F69CB44}.Debug|x86.Build.0 = Debug|Any CPU
		{0ACF127A-0FC9-4071-A371-752B7F69CB44}.Release|Any CPU.ActiveCfg = Release|Any CPU
		{0ACF127A-0FC9-4071-A371-752B7F69CB44}.Release|Any CPU.Build.0 = Release|Any CPU
		{0ACF127A-0FC9-4071-A371-752B7F69CB44}.Release|x64.ActiveCfg = Release|Any CPU
		{0ACF127A-0FC9-4071-A371-752B7F69CB44}.Release|x64.Build.0 = Release|Any CPU
		{0ACF127A-0FC9-4071-A371-752B7F69CB44}.Release|x86.ActiveCfg = Release|Any CPU
		{0ACF127A-0FC9-4071-A371-752B7F69CB44}.Release|x86.Build.0 = Release|Any CPU
		{7EC1A211-B8D7-416E-A1CF-42BA7C5AFD71}.Debug|Any CPU.ActiveCfg = Debug|Any CPU
		{7EC1A211-B8D7-416E-A1CF-42BA7C5AFD71}.Debug|Any CPU.Build.0 = Debug|Any CPU
		{7EC1A211-B8D7-416E-A1CF-42BA7C5AFD71}.Debug|x64.ActiveCfg = Debug|Any CPU
		{7EC1A211-B8D7-416E-A1CF-42BA7C5AFD71}.Debug|x64.Build.0 = Debug|Any CPU
		{7EC1A211-B8D7-416E-A1CF-42BA7C5AFD71}.Debug|x86.ActiveCfg = Debug|Any CPU
		{7EC1A211-B8D7-416E-A1CF-42BA7C5AFD71}.Debug|x86.Build.0 = Debug|Any CPU
		{7EC1A211-B8D7-416E-A1CF-42BA7C5AFD71}.Release|Any CPU.ActiveCfg = Release|Any CPU
		{7EC1A211-B8D7-416E-A1CF-42BA7C5AFD71}.Release|Any CPU.Build.0 = Release|Any CPU
		{7EC1A211-B8D7-416E-A1CF-42BA7C5AFD71}.Release|x64.ActiveCfg = Release|Any CPU
		{7EC1A211-B8D7-416E-A1CF-42BA7C5AFD71}.Release|x64.Build.0 = Release|Any CPU
		{7EC1A211-B8D7-416E-A1CF-42BA7C5AFD71}.Release|x86.ActiveCfg = Release|Any CPU
		{7EC1A211-B8D7-416E-A1CF-42BA7C5AFD71}.Release|x86.Build.0 = Release|Any CPU
		{627C7E14-42A6-4DE6-A471-400EC726F231}.Debug|Any CPU.ActiveCfg = Debug|Any CPU
		{627C7E14-42A6-4DE6-A471-400EC726F231}.Debug|Any CPU.Build.0 = Debug|Any CPU
		{627C7E14-42A6-4DE6-A471-400EC726F231}.Debug|x64.ActiveCfg = Debug|Any CPU
		{627C7E14-42A6-4DE6-A471-400EC726F231}.Debug|x64.Build.0 = Debug|Any CPU
		{627C7E14-42A6-4DE6-A471-400EC726F231}.Debug|x86.ActiveCfg = Debug|Any CPU
		{627C7E14-42A6-4DE6-A471-400EC726F231}.Debug|x86.Build.0 = Debug|Any CPU
		{627C7E14-42A6-4DE6-A471-400EC726F231}.Release|Any CPU.ActiveCfg = Release|Any CPU
		{627C7E14-42A6-4DE6-A471-400EC726F231}.Release|Any CPU.Build.0 = Release|Any CPU
		{627C7E14-42A6-4DE6-A471-400EC726F231}.Release|x64.ActiveCfg = Release|Any CPU
		{627C7E14-42A6-4DE6-A471-400EC726F231}.Release|x64.Build.0 = Release|Any CPU
		{627C7E14-42A6-4DE6-A471-400EC726F231}.Release|x86.ActiveCfg = Release|Any CPU
		{627C7E14-42A6-4DE6-A471-400EC726F231}.Release|x86.Build.0 = Release|Any CPU
		{41267D56-17B6-49E2-9665-4038B5F0FBCF}.Debug|Any CPU.ActiveCfg = Debug|Any CPU
		{41267D56-17B6-49E2-9665-4038B5F0FBCF}.Debug|Any CPU.Build.0 = Debug|Any CPU
		{41267D56-17B6-49E2-9665-4038B5F0FBCF}.Debug|x64.ActiveCfg = Debug|Any CPU
		{41267D56-17B6-49E2-9665-4038B5F0FBCF}.Debug|x64.Build.0 = Debug|Any CPU
		{41267D56-17B6-49E2-9665-4038B5F0FBCF}.Debug|x86.ActiveCfg = Debug|Any CPU
		{41267D56-17B6-49E2-9665-4038B5F0FBCF}.Debug|x86.Build.0 = Debug|Any CPU
		{41267D56-17B6-49E2-9665-4038B5F0FBCF}.Release|Any CPU.ActiveCfg = Release|Any CPU
		{41267D56-17B6-49E2-9665-4038B5F0FBCF}.Release|Any CPU.Build.0 = Release|Any CPU
		{41267D56-17B6-49E2-9665-4038B5F0FBCF}.Release|x64.ActiveCfg = Release|Any CPU
		{41267D56-17B6-49E2-9665-4038B5F0FBCF}.Release|x64.Build.0 = Release|Any CPU
		{41267D56-17B6-49E2-9665-4038B5F0FBCF}.Release|x86.ActiveCfg = Release|Any CPU
		{41267D56-17B6-49E2-9665-4038B5F0FBCF}.Release|x86.Build.0 = Release|Any CPU
		{20A676D0-CC7D-47C8-AF31-47B2BB482297}.Debug|Any CPU.ActiveCfg = Debug|Any CPU
		{20A676D0-CC7D-47C8-AF31-47B2BB482297}.Debug|Any CPU.Build.0 = Debug|Any CPU
		{20A676D0-CC7D-47C8-AF31-47B2BB482297}.Debug|x64.ActiveCfg = Debug|Any CPU
		{20A676D0-CC7D-47C8-AF31-47B2BB482297}.Debug|x64.Build.0 = Debug|Any CPU
		{20A676D0-CC7D-47C8-AF31-47B2BB482297}.Debug|x86.ActiveCfg = Debug|Any CPU
		{20A676D0-CC7D-47C8-AF31-47B2BB482297}.Debug|x86.Build.0 = Debug|Any CPU
		{20A676D0-CC7D-47C8-AF31-47B2BB482297}.Release|Any CPU.ActiveCfg = Release|Any CPU
		{20A676D0-CC7D-47C8-AF31-47B2BB482297}.Release|Any CPU.Build.0 = Release|Any CPU
		{20A676D0-CC7D-47C8-AF31-47B2BB482297}.Release|x64.ActiveCfg = Release|Any CPU
		{20A676D0-CC7D-47C8-AF31-47B2BB482297}.Release|x64.Build.0 = Release|Any CPU
		{20A676D0-CC7D-47C8-AF31-47B2BB482297}.Release|x86.ActiveCfg = Release|Any CPU
		{20A676D0-CC7D-47C8-AF31-47B2BB482297}.Release|x86.Build.0 = Release|Any CPU
		{3FB2EBC3-A07C-4517-A01F-247ABC1E9484}.Debug|Any CPU.ActiveCfg = Debug|Any CPU
		{3FB2EBC3-A07C-4517-A01F-247ABC1E9484}.Debug|Any CPU.Build.0 = Debug|Any CPU
		{3FB2EBC3-A07C-4517-A01F-247ABC1E9484}.Debug|x64.ActiveCfg = Debug|Any CPU
		{3FB2EBC3-A07C-4517-A01F-247ABC1E9484}.Debug|x64.Build.0 = Debug|Any CPU
		{3FB2EBC3-A07C-4517-A01F-247ABC1E9484}.Debug|x86.ActiveCfg = Debug|Any CPU
		{3FB2EBC3-A07C-4517-A01F-247ABC1E9484}.Debug|x86.Build.0 = Debug|Any CPU
		{3FB2EBC3-A07C-4517-A01F-247ABC1E9484}.Release|Any CPU.ActiveCfg = Release|Any CPU
		{3FB2EBC3-A07C-4517-A01F-247ABC1E9484}.Release|Any CPU.Build.0 = Release|Any CPU
		{3FB2EBC3-A07C-4517-A01F-247ABC1E9484}.Release|x64.ActiveCfg = Release|Any CPU
		{3FB2EBC3-A07C-4517-A01F-247ABC1E9484}.Release|x64.Build.0 = Release|Any CPU
		{3FB2EBC3-A07C-4517-A01F-247ABC1E9484}.Release|x86.ActiveCfg = Release|Any CPU
		{3FB2EBC3-A07C-4517-A01F-247ABC1E9484}.Release|x86.Build.0 = Release|Any CPU
		{BB712CE3-9973-44D1-A6FB-4223038E83DD}.Debug|Any CPU.ActiveCfg = Debug|Any CPU
		{BB712CE3-9973-44D1-A6FB-4223038E83DD}.Debug|Any CPU.Build.0 = Debug|Any CPU
		{BB712CE3-9973-44D1-A6FB-4223038E83DD}.Debug|x64.ActiveCfg = Debug|Any CPU
		{BB712CE3-9973-44D1-A6FB-4223038E83DD}.Debug|x64.Build.0 = Debug|Any CPU
		{BB712CE3-9973-44D1-A6FB-4223038E83DD}.Debug|x86.ActiveCfg = Debug|Any CPU
		{BB712CE3-9973-44D1-A6FB-4223038E83DD}.Debug|x86.Build.0 = Debug|Any CPU
		{BB712CE3-9973-44D1-A6FB-4223038E83DD}.Release|Any CPU.ActiveCfg = Release|Any CPU
		{BB712CE3-9973-44D1-A6FB-4223038E83DD}.Release|Any CPU.Build.0 = Release|Any CPU
		{BB712CE3-9973-44D1-A6FB-4223038E83DD}.Release|x64.ActiveCfg = Release|Any CPU
		{BB712CE3-9973-44D1-A6FB-4223038E83DD}.Release|x64.Build.0 = Release|Any CPU
		{BB712CE3-9973-44D1-A6FB-4223038E83DD}.Release|x86.ActiveCfg = Release|Any CPU
		{BB712CE3-9973-44D1-A6FB-4223038E83DD}.Release|x86.Build.0 = Release|Any CPU
		{5BAC86A9-4E44-458D-BB8E-6F865C89FEE3}.Debug|Any CPU.ActiveCfg = Debug|Any CPU
		{5BAC86A9-4E44-458D-BB8E-6F865C89FEE3}.Debug|Any CPU.Build.0 = Debug|Any CPU
		{5BAC86A9-4E44-458D-BB8E-6F865C89FEE3}.Debug|x64.ActiveCfg = Debug|Any CPU
		{5BAC86A9-4E44-458D-BB8E-6F865C89FEE3}.Debug|x64.Build.0 = Debug|Any CPU
		{5BAC86A9-4E44-458D-BB8E-6F865C89FEE3}.Debug|x86.ActiveCfg = Debug|Any CPU
		{5BAC86A9-4E44-458D-BB8E-6F865C89FEE3}.Debug|x86.Build.0 = Debug|Any CPU
		{5BAC86A9-4E44-458D-BB8E-6F865C89FEE3}.Release|Any CPU.ActiveCfg = Release|Any CPU
		{5BAC86A9-4E44-458D-BB8E-6F865C89FEE3}.Release|Any CPU.Build.0 = Release|Any CPU
		{5BAC86A9-4E44-458D-BB8E-6F865C89FEE3}.Release|x64.ActiveCfg = Release|Any CPU
		{5BAC86A9-4E44-458D-BB8E-6F865C89FEE3}.Release|x64.Build.0 = Release|Any CPU
		{5BAC86A9-4E44-458D-BB8E-6F865C89FEE3}.Release|x86.ActiveCfg = Release|Any CPU
		{5BAC86A9-4E44-458D-BB8E-6F865C89FEE3}.Release|x86.Build.0 = Release|Any CPU
		{5C145849-22E2-4557-9BE6-215A3368D6BE}.Debug|Any CPU.ActiveCfg = Debug|Any CPU
		{5C145849-22E2-4557-9BE6-215A3368D6BE}.Debug|Any CPU.Build.0 = Debug|Any CPU
		{5C145849-22E2-4557-9BE6-215A3368D6BE}.Debug|x64.ActiveCfg = Debug|Any CPU
		{5C145849-22E2-4557-9BE6-215A3368D6BE}.Debug|x64.Build.0 = Debug|Any CPU
		{5C145849-22E2-4557-9BE6-215A3368D6BE}.Debug|x86.ActiveCfg = Debug|Any CPU
		{5C145849-22E2-4557-9BE6-215A3368D6BE}.Debug|x86.Build.0 = Debug|Any CPU
		{5C145849-22E2-4557-9BE6-215A3368D6BE}.Release|Any CPU.ActiveCfg = Release|Any CPU
		{5C145849-22E2-4557-9BE6-215A3368D6BE}.Release|Any CPU.Build.0 = Release|Any CPU
		{5C145849-22E2-4557-9BE6-215A3368D6BE}.Release|x64.ActiveCfg = Release|Any CPU
		{5C145849-22E2-4557-9BE6-215A3368D6BE}.Release|x64.Build.0 = Release|Any CPU
		{5C145849-22E2-4557-9BE6-215A3368D6BE}.Release|x86.ActiveCfg = Release|Any CPU
		{5C145849-22E2-4557-9BE6-215A3368D6BE}.Release|x86.Build.0 = Release|Any CPU
		{C6322D59-CFF2-4C73-8364-E52722465C1A}.Debug|Any CPU.ActiveCfg = Debug|Any CPU
		{C6322D59-CFF2-4C73-8364-E52722465C1A}.Debug|Any CPU.Build.0 = Debug|Any CPU
		{C6322D59-CFF2-4C73-8364-E52722465C1A}.Debug|x64.ActiveCfg = Debug|Any CPU
		{C6322D59-CFF2-4C73-8364-E52722465C1A}.Debug|x64.Build.0 = Debug|Any CPU
		{C6322D59-CFF2-4C73-8364-E52722465C1A}.Debug|x86.ActiveCfg = Debug|Any CPU
		{C6322D59-CFF2-4C73-8364-E52722465C1A}.Debug|x86.Build.0 = Debug|Any CPU
		{C6322D59-CFF2-4C73-8364-E52722465C1A}.Release|Any CPU.ActiveCfg = Release|Any CPU
		{C6322D59-CFF2-4C73-8364-E52722465C1A}.Release|Any CPU.Build.0 = Release|Any CPU
		{C6322D59-CFF2-4C73-8364-E52722465C1A}.Release|x64.ActiveCfg = Release|Any CPU
		{C6322D59-CFF2-4C73-8364-E52722465C1A}.Release|x64.Build.0 = Release|Any CPU
		{C6322D59-CFF2-4C73-8364-E52722465C1A}.Release|x86.ActiveCfg = Release|Any CPU
		{C6322D59-CFF2-4C73-8364-E52722465C1A}.Release|x86.Build.0 = Release|Any CPU
		{8B5F9194-BE5F-4A2A-BD26-5D8F5ABCAD9C}.Debug|Any CPU.ActiveCfg = Debug|Any CPU
		{8B5F9194-BE5F-4A2A-BD26-5D8F5ABCAD9C}.Debug|Any CPU.Build.0 = Debug|Any CPU
		{8B5F9194-BE5F-4A2A-BD26-5D8F5ABCAD9C}.Debug|x64.ActiveCfg = Debug|Any CPU
		{8B5F9194-BE5F-4A2A-BD26-5D8F5ABCAD9C}.Debug|x64.Build.0 = Debug|Any CPU
		{8B5F9194-BE5F-4A2A-BD26-5D8F5ABCAD9C}.Debug|x86.ActiveCfg = Debug|Any CPU
		{8B5F9194-BE5F-4A2A-BD26-5D8F5ABCAD9C}.Debug|x86.Build.0 = Debug|Any CPU
		{8B5F9194-BE5F-4A2A-BD26-5D8F5ABCAD9C}.Release|Any CPU.ActiveCfg = Release|Any CPU
		{8B5F9194-BE5F-4A2A-BD26-5D8F5ABCAD9C}.Release|Any CPU.Build.0 = Release|Any CPU
		{8B5F9194-BE5F-4A2A-BD26-5D8F5ABCAD9C}.Release|x64.ActiveCfg = Release|Any CPU
		{8B5F9194-BE5F-4A2A-BD26-5D8F5ABCAD9C}.Release|x64.Build.0 = Release|Any CPU
		{8B5F9194-BE5F-4A2A-BD26-5D8F5ABCAD9C}.Release|x86.ActiveCfg = Release|Any CPU
		{8B5F9194-BE5F-4A2A-BD26-5D8F5ABCAD9C}.Release|x86.Build.0 = Release|Any CPU
		{5986A800-89B9-491B-A830-486C80E92C88}.Debug|Any CPU.ActiveCfg = Debug|Any CPU
		{5986A800-89B9-491B-A830-486C80E92C88}.Debug|Any CPU.Build.0 = Debug|Any CPU
		{5986A800-89B9-491B-A830-486C80E92C88}.Debug|x64.ActiveCfg = Debug|Any CPU
		{5986A800-89B9-491B-A830-486C80E92C88}.Debug|x64.Build.0 = Debug|Any CPU
		{5986A800-89B9-491B-A830-486C80E92C88}.Debug|x86.ActiveCfg = Debug|Any CPU
		{5986A800-89B9-491B-A830-486C80E92C88}.Debug|x86.Build.0 = Debug|Any CPU
		{5986A800-89B9-491B-A830-486C80E92C88}.Release|Any CPU.ActiveCfg = Release|Any CPU
		{5986A800-89B9-491B-A830-486C80E92C88}.Release|Any CPU.Build.0 = Release|Any CPU
		{5986A800-89B9-491B-A830-486C80E92C88}.Release|x64.ActiveCfg = Release|Any CPU
		{5986A800-89B9-491B-A830-486C80E92C88}.Release|x64.Build.0 = Release|Any CPU
		{5986A800-89B9-491B-A830-486C80E92C88}.Release|x86.ActiveCfg = Release|Any CPU
		{5986A800-89B9-491B-A830-486C80E92C88}.Release|x86.Build.0 = Release|Any CPU
	EndGlobalSection
	GlobalSection(SolutionProperties) = preSolution
		HideSolutionNode = FALSE
	EndGlobalSection
	GlobalSection(NestedProjects) = preSolution
		{73BEC26F-E7BD-40BD-A273-118F7F42023F} = {02EA681E-C7D8-13C7-8484-4AC65E1B71E8}
		{0F6AB3B0-8D1F-48BF-8954-42C287946B91} = {02EA681E-C7D8-13C7-8484-4AC65E1B71E8}
		{B112075A-8573-21CC-522F-0FAB95F606CA} = {02EA681E-C7D8-13C7-8484-4AC65E1B71E8}
		{DD33A7B2-3425-D7E7-1304-D9FCE649988E} = {B112075A-8573-21CC-522F-0FAB95F606CA}
		{4BE730A5-54AB-40D5-B021-B00613A5217A} = {DD33A7B2-3425-D7E7-1304-D9FCE649988E}
		{8EF42DAE-7E1A-407D-87F3-9960827F1FCE} = {DD33A7B2-3425-D7E7-1304-D9FCE649988E}
		{4C51E4CE-13E6-4F03-A27B-93844FD8D645} = {DD33A7B2-3425-D7E7-1304-D9FCE649988E}
		{499BB41A-DFA9-49ED-9E20-B08219C1BAAB} = {DD33A7B2-3425-D7E7-1304-D9FCE649988E}
		{5A6518D0-05ED-9676-6F92-0A20F329A318} = {B112075A-8573-21CC-522F-0FAB95F606CA}
		{D94BE33D-1A4B-4970-915C-30D8D4E1CF85} = {5A6518D0-05ED-9676-6F92-0A20F329A318}
		{52D3F217-CF33-453A-9F66-45F0D079F328} = {5A6518D0-05ED-9676-6F92-0A20F329A318}
		{71433AB0-2FEA-4B83-92D7-9DE34E6A3DC7} = {5A6518D0-05ED-9676-6F92-0A20F329A318}
		{EC55CF61-7CC9-4F14-8F84-DA278429D1AD} = {5A6518D0-05ED-9676-6F92-0A20F329A318}
		{2E62E484-3F33-813C-5362-3521EAB3A6E0} = {B112075A-8573-21CC-522F-0FAB95F606CA}
		{3008DE0A-650C-4BB8-A006-2369A95F967E} = {2E62E484-3F33-813C-5362-3521EAB3A6E0}
		{B8ED0B41-FB11-42B0-9E1D-CD02AD50BEF2} = {2E62E484-3F33-813C-5362-3521EAB3A6E0}
		{7FE32CD9-C5D3-4362-8E69-2276DAB17306} = {2E62E484-3F33-813C-5362-3521EAB3A6E0}
		{A5B16339-33D0-4E9B-983F-08E07A747BED} = {2E62E484-3F33-813C-5362-3521EAB3A6E0}
		{F863C652-CE21-3D06-51DA-AA45C217FE1F} = {B112075A-8573-21CC-522F-0FAB95F606CA}
		{C672ABD1-0779-4220-BC20-44AAFF5340E1} = {F863C652-CE21-3D06-51DA-AA45C217FE1F}
		{0ACF127A-0FC9-4071-A371-752B7F69CB44} = {F863C652-CE21-3D06-51DA-AA45C217FE1F}
		{7EC1A211-B8D7-416E-A1CF-42BA7C5AFD71} = {F863C652-CE21-3D06-51DA-AA45C217FE1F}
		{627C7E14-42A6-4DE6-A471-400EC726F231} = {F863C652-CE21-3D06-51DA-AA45C217FE1F}
		{8A6A1D68-44C8-16C6-F871-1EC0852F6D09} = {B112075A-8573-21CC-522F-0FAB95F606CA}
		{41267D56-17B6-49E2-9665-4038B5F0FBCF} = {8A6A1D68-44C8-16C6-F871-1EC0852F6D09}
		{20A676D0-CC7D-47C8-AF31-47B2BB482297} = {8A6A1D68-44C8-16C6-F871-1EC0852F6D09}
		{3FB2EBC3-A07C-4517-A01F-247ABC1E9484} = {8A6A1D68-44C8-16C6-F871-1EC0852F6D09}
		{BB712CE3-9973-44D1-A6FB-4223038E83DD} = {8A6A1D68-44C8-16C6-F871-1EC0852F6D09}
		{8EC99DA2-4A30-DADB-95C8-529171F67196} = {B112075A-8573-21CC-522F-0FAB95F606CA}
		{5BAC86A9-4E44-458D-BB8E-6F865C89FEE3} = {8EC99DA2-4A30-DADB-95C8-529171F67196}
		{5C145849-22E2-4557-9BE6-215A3368D6BE} = {8EC99DA2-4A30-DADB-95C8-529171F67196}
		{C6322D59-CFF2-4C73-8364-E52722465C1A} = {8EC99DA2-4A30-DADB-95C8-529171F67196}
		{8B5F9194-BE5F-4A2A-BD26-5D8F5ABCAD9C} = {8EC99DA2-4A30-DADB-95C8-529171F67196}
		{5986A800-89B9-491B-A830-486C80E92C88} = {02EA681E-C7D8-13C7-8484-4AC65E1B71E8}
	EndGlobalSection
	GlobalSection(ExtensibilityGlobals) = postSolution
		SolutionGuid = {EBAD6C16-DFBD-44C1-AE7A-9F28872E207F}
	EndGlobalSection
EndGlobal
